<?xml version="1.0" encoding="utf-8"?>
<Project ToolsVersion="4.0" xmlns="http://schemas.microsoft.com/developer/msbuild/2003">
  <ItemGroup>
    <Filter Include="Source Files">
      <UniqueIdentifier>{4FC737F1-C7A5-4376-A066-2A32D752A2FF}</UniqueIdentifier>
      <Extensions>cpp;c;cc;cxx;c++;cppm;ixx;def;odl;idl;hpj;bat;asm;asmx</Extensions>
    </Filter>
    <Filter Include="Header Files">
      <UniqueIdentifier>{93995380-89BD-4b04-88EB-625FBE52EBFB}</UniqueIdentifier>
      <Extensions>h;hh;hpp;hxx;h++;hm;inl;inc;ipp;xsd</Extensions>
    </Filter>
    <Filter Include="Resource Files">
      <UniqueIdentifier>{67DA6AB6-F800-4c08-8B7A-83BB121AAD01}</UniqueIdentifier>
      <Extensions>rc;ico;cur;bmp;dlg;rc2;rct;bin;rgs;gif;jpg;jpeg;jpe;resx;tiff;tif;png;wav;mfcribbon-ms</Extensions>
    </Filter>
    <Filter Include="Shaders">
      <UniqueIdentifier>{b58e38a6-d085-487e-a172-ee86f8c533f9}</UniqueIdentifier>
    </Filter>
    <Filter Include="Header Files\Framework">
      <UniqueIdentifier>{9521b72f-5dee-42d2-ae1f-89bedb7bf864}</UniqueIdentifier>
    </Filter>
    <Filter Include="Header Files\Utility">
      <UniqueIdentifier>{31dc1a98-7402-4816-9ce0-c0eceaf2472f}</UniqueIdentifier>
    </Filter>
    <Filter Include="Header Files\Shaders">
      <UniqueIdentifier>{ce2685a3-fccf-4356-ba29-6e8f1a720130}</UniqueIdentifier>
    </Filter>
    <Filter Include="Header Files\Draw">
      <UniqueIdentifier>{526d6233-986c-4c12-a5a6-136c9150fe94}</UniqueIdentifier>
    </Filter>
    <Filter Include="Source Files\Framework">
      <UniqueIdentifier>{841c6136-ce94-4b1a-bfc0-acb07b8c391e}</UniqueIdentifier>
    </Filter>
    <Filter Include="Source Files\App">
      <UniqueIdentifier>{69ed49b8-a55b-4b30-ac5a-18d727150d93}</UniqueIdentifier>
    </Filter>
    <Filter Include="Header Files\App">
      <UniqueIdentifier>{2a6e4225-9bf3-4331-820f-c84899e574a0}</UniqueIdentifier>
    </Filter>
    <Filter Include="Header Files\Draw\temporary">
      <UniqueIdentifier>{b849323e-d973-4239-8073-cc1b55badfb3}</UniqueIdentifier>
    </Filter>
    <Filter Include="Header Files\Effects">
      <UniqueIdentifier>{4faf1c14-0d2e-4a7e-a6c1-83188aadf37a}</UniqueIdentifier>
    </Filter>
    <Filter Include="Header Files\scene2">
      <UniqueIdentifier>{ef01f5d1-dba0-4c13-abe6-e85dd939f6de}</UniqueIdentifier>
    </Filter>
    <Filter Include="Source Files\scene2">
      <UniqueIdentifier>{a62f959c-802f-4b86-97c3-45b3a16ba84c}</UniqueIdentifier>
    </Filter>
    <Filter Include="Header Files\scene3">
      <UniqueIdentifier>{b427c440-e5e8-4c23-86a8-f21a5e900e86}</UniqueIdentifier>
    </Filter>
    <Filter Include="Source Files\scene3">
      <UniqueIdentifier>{97b9253a-02fc-433e-b7c9-884929f70c25}</UniqueIdentifier>
    </Filter>
  </ItemGroup>
  <ItemGroup>
    <ClCompile Include="App.cpp">
      <Filter>Source Files\App</Filter>
    </ClCompile>
    <ClCompile Include="DXErr.cpp">
      <Filter>Source Files\Framework</Filter>
    </ClCompile>
    <ClCompile Include="GDIPlusManager.cpp">
      <Filter>Source Files\Framework</Filter>
    </ClCompile>
    <ClCompile Include="Graphics.cpp">
      <Filter>Source Files\Framework</Filter>
    </ClCompile>
    <ClCompile Include="FrameTimer.cpp">
      <Filter>Source Files\Framework</Filter>
    </ClCompile>
    <ClCompile Include="Keyboard.cpp">
      <Filter>Source Files\Framework</Filter>
    </ClCompile>
    <ClCompile Include="Main.cpp">
      <Filter>Source Files\Framework</Filter>
    </ClCompile>
    <ClCompile Include="MainWindow.cpp">
      <Filter>Source Files\Framework</Filter>
    </ClCompile>
    <ClCompile Include="Mouse.cpp">
      <Filter>Source Files\Framework</Filter>
    </ClCompile>
    <ClCompile Include="Scene.cpp">
      <Filter>Source Files\App</Filter>
    </ClCompile>
    <ClCompile Include="Surface.cpp">
      <Filter>Source Files\Framework</Filter>
    </ClCompile>
    <ClCompile Include="tiny_obj_loader.cpp">
      <Filter>Source Files\Framework</Filter>
    </ClCompile>
    <ClCompile Include="TestObject.cpp">
      <Filter>Source Files\App</Filter>
    </ClCompile>
    <ClCompile Include="Scene2.cpp">
      <Filter>Source Files\scene2</Filter>
    </ClCompile>
    <ClCompile Include="Thing.cpp">
      <Filter>Source Files\scene2</Filter>
    </ClCompile>
    <ClCompile Include="Bullet.cpp">
      <Filter>Source Files\scene2</Filter>
    </ClCompile>
    <ClCompile Include="Scene3.cpp">
      <Filter>Source Files\scene3</Filter>
    </ClCompile>
    <ClCompile Include="Thing2.cpp">
      <Filter>Source Files\scene3</Filter>
    </ClCompile>
  </ItemGroup>
  <ItemGroup>
    <ClInclude Include="Colors.h">
      <Filter>Header Files\Framework</Filter>
    </ClInclude>
    <ClInclude Include="DXErr.h">
      <Filter>Header Files\Framework</Filter>
    </ClInclude>
    <ClInclude Include="GDIPlusManager.h">
      <Filter>Header Files\Framework</Filter>
    </ClInclude>
    <ClInclude Include="Graphics.h">
      <Filter>Header Files\Framework</Filter>
    </ClInclude>
    <ClInclude Include="Keyboard.h">
      <Filter>Header Files\Framework</Filter>
    </ClInclude>
    <ClInclude Include="MainWindow.h">
      <Filter>Header Files\Framework</Filter>
    </ClInclude>
    <ClInclude Include="Mouse.h">
      <Filter>Header Files\Framework</Filter>
    </ClInclude>
    <ClInclude Include="MyException.h">
      <Filter>Header Files\Framework</Filter>
    </ClInclude>
    <ClInclude Include="MyWin.h">
      <Filter>Header Files\Framework</Filter>
    </ClInclude>
    <ClInclude Include="Resource.h">
      <Filter>Header Files\Framework</Filter>
    </ClInclude>
    <ClInclude Include="Mat.h">
      <Filter>Header Files\Utility</Filter>
    </ClInclude>
    <ClInclude Include="FrameTimer.h">
      <Filter>Header Files\Utility</Filter>
    </ClInclude>
    <ClInclude Include="MyMath.h">
      <Filter>Header Files\Utility</Filter>
    </ClInclude>
    <ClInclude Include="Rect.h">
      <Filter>Header Files\Utility</Filter>
    </ClInclude>
    <ClInclude Include="Vec2.h">
      <Filter>Header Files\Utility</Filter>
    </ClInclude>
    <ClInclude Include="Vec3.h">
      <Filter>Header Files\Utility</Filter>
    </ClInclude>
    <ClInclude Include="Vec4.h">
      <Filter>Header Files\Utility</Filter>
    </ClInclude>
    <ClInclude Include="DefaultGeometryShader.h">
      <Filter>Header Files\Shaders</Filter>
    </ClInclude>
    <ClInclude Include="DefaultVertexShader.h">
      <Filter>Header Files\Shaders</Filter>
    </ClInclude>
    <ClInclude Include="tiny_obj_loader.h">
      <Filter>Header Files\Utility</Filter>
    </ClInclude>
    <ClInclude Include="Surface.h">
      <Filter>Header Files\Utility</Filter>
    </ClInclude>
    <ClInclude Include="MouseTracker.h">
      <Filter>Header Files\Utility</Filter>
    </ClInclude>
    <ClInclude Include="IndexedTriangleList.h">
      <Filter>Header Files\Draw</Filter>
    </ClInclude>
    <ClInclude Include="App.h">
      <Filter>Header Files\App</Filter>
    </ClInclude>
    <ClInclude Include="IndexedList.h">
      <Filter>Header Files\Draw\temporary</Filter>
    </ClInclude>
    <ClInclude Include="TestObject.h">
      <Filter>Header Files\Draw\temporary</Filter>
    </ClInclude>
    <ClInclude Include="Box.h">
      <Filter>Header Files\Utility</Filter>
    </ClInclude>
    <ClInclude Include="Drawable.h">
      <Filter>Header Files\Draw\temporary</Filter>
    </ClInclude>
    <ClInclude Include="TextureEffect.h">
      <Filter>Header Files\Effects</Filter>
    </ClInclude>
    <ClInclude Include="Pipeline.h">
      <Filter>Header Files\Draw\temporary</Filter>
    </ClInclude>
    <ClInclude Include="Scene.h">
      <Filter>Header Files\Draw\temporary</Filter>
    </ClInclude>
    <ClInclude Include="SolidEffect.h">
      <Filter>Header Files\Effects</Filter>
    </ClInclude>
    <ClInclude Include="Triangle.h">
      <Filter>Header Files\Draw\temporary</Filter>
    </ClInclude>
    <ClInclude Include="SpecularPhongPointEffect.h">
      <Filter>Header Files\Effects</Filter>
    </ClInclude>
    <ClInclude Include="NDCScreenTransformer.h">
      <Filter>Header Files\Draw\temporary</Filter>
    </ClInclude>
    <ClInclude Include="ZBuffer.h">
      <Filter>Header Files\Draw\temporary</Filter>
    </ClInclude>
    <ClInclude Include="Scene2.h">
      <Filter>Header Files\scene2</Filter>
    </ClInclude>
    <ClInclude Include="Thing.h">
      <Filter>Header Files\scene2</Filter>
    </ClInclude>
    <ClInclude Include="Bullet.h">
      <Filter>Header Files\scene2</Filter>
    </ClInclude>
    <ClInclude Include="SolidGeometryEffect.h">
      <Filter>Header Files\Effects</Filter>
    </ClInclude>
    <ClInclude Include="TextureLightEffect.h">
      <Filter>Header Files\Effects</Filter>
    </ClInclude>
    <ClInclude Include="VertexFlatEffect.h">
      <Filter>Header Files\Effects</Filter>
    </ClInclude>
    <ClInclude Include="Scene3.h">
      <Filter>Header Files\scene3</Filter>
    </ClInclude>
    <ClInclude Include="GeometryFlatEffect.h">
      <Filter>Header Files\Effects</Filter>
    </ClInclude>
    <ClInclude Include="Miniball.h">
      <Filter>Header Files\Draw\temporary</Filter>
    </ClInclude>
    <ClInclude Include="Sphere.h">
      <Filter>Header Files\Draw\temporary</Filter>
    </ClInclude>
    <ClInclude Include="GouraudEffect.h">
      <Filter>Header Files\Effects</Filter>
    </ClInclude>
    <ClInclude Include="SceneEffect.h">
      <Filter>Header Files\Draw\temporary</Filter>
    </ClInclude>
    <ClInclude Include="Thing2.h">
      <Filter>Header Files\scene3</Filter>
    </ClInclude>
    <ClInclude Include="GouraudPointEffect.h">
      <Filter>Header Files\Effects</Filter>
    </ClInclude>
  </ItemGroup>
  <ItemGroup>
    <ResourceCompile Include="MojFramework.rc">
      <Filter>Resource Files</Filter>
    </ResourceCompile>
  </ItemGroup>
  <ItemGroup>
    <Image Include="favicon.ico">
      <Filter>Resource Files</Filter>
    </Image>
  </ItemGroup>
  <ItemGroup>
    <FxCompile Include="FramebufferPS.hlsl">
      <Filter>Shaders</Filter>
    </FxCompile>
    <FxCompile Include="FramebufferVS.hlsl">
      <Filter>Shaders</Filter>
    </FxCompile>
  </ItemGroup>
  <ItemGroup>
    <Natvis Include="NatvisFile.natvis">
      <Filter>Resource Files</Filter>
    </Natvis>
  </ItemGroup>
</Project>